// !$*UTF8*$!
{
	archiveVersion = 1;
	classes = {
	};
	objectVersion = 46;
	objects = {

/* Begin PBXBuildFile section */
		621BC7851EFECFFE00009730 /* main.m in Sources */ = {isa = PBXBuildFile; fileRef = 621BC7841EFECFFE00009730 /* main.m */; };
		621BC7881EFECFFE00009730 /* AppDelegate.m in Sources */ = {isa = PBXBuildFile; fileRef = 621BC7871EFECFFE00009730 /* AppDelegate.m */; };
		621BC78B1EFECFFE00009730 /* ViewController.m in Sources */ = {isa = PBXBuildFile; fileRef = 621BC78A1EFECFFE00009730 /* ViewController.m */; };
		621BC78E1EFECFFE00009730 /* Main.storyboard in Resources */ = {isa = PBXBuildFile; fileRef = 621BC78C1EFECFFE00009730 /* Main.storyboard */; };
		621BC7901EFECFFE00009730 /* Assets.xcassets in Resources */ = {isa = PBXBuildFile; fileRef = 621BC78F1EFECFFE00009730 /* Assets.xcassets */; };
		621BC7931EFECFFE00009730 /* LaunchScreen.storyboard in Resources */ = {isa = PBXBuildFile; fileRef = 621BC7911EFECFFE00009730 /* LaunchScreen.storyboard */; };
		621BC79C1EFED21200009730 /* DataHolder.m in Sources */ = {isa = PBXBuildFile; fileRef = 621BC79B1EFED21200009730 /* DataHolder.m */; };
/* End PBXBuildFile section */

/* Begin PBXFileReference section */
		621BC7801EFECFFE00009730 /* DataHolder.app */ = {isa = PBXFileReference; explicitFileType = wrapper.application; includeInIndex = 0; path = DataHolder.app; sourceTree = BUILT_PRODUCTS_DIR; };
		621BC7841EFECFFE00009730 /* main.m */ = {isa = PBXFileReference; lastKnownFileType = sourcecode.c.objc; path = main.m; sourceTree = "<group>"; };
		621BC7861EFECFFE00009730 /* AppDelegate.h */ = {isa = PBXFileReference; lastKnownFileType = sourcecode.c.h; path = AppDelegate.h; sourceTree = "<group>"; };
		621BC7871EFECFFE00009730 /* AppDelegate.m */ = {isa = PBXFileReference; lastKnownFileType = sourcecode.c.objc; path = AppDelegate.m; sourceTree = "<group>"; };
		621BC7891EFECFFE00009730 /* ViewController.h */ = {isa = PBXFileReference; lastKnownFileType = sourcecode.c.h; path = ViewController.h; sourceTree = "<group>"; };
		621BC78A1EFECFFE00009730 /* ViewController.m */ = {isa = PBXFileReference; lastKnownFileType = sourcecode.c.objc; path = ViewController.m; sourceTree = "<group>"; };
		621BC78D1EFECFFE00009730 /* Base */ = {isa = PBXFileReference; lastKnownFileType = file.storyboard; name = Base; path = Base.lproj/Main.storyboard; sourceTree = "<group>"; };
		621BC78F1EFECFFE00009730 /* Assets.xcassets */ = {isa = PBXFileReference; lastKnownFileType = folder.assetcatalog; path = Assets.xcassets; sourceTree = "<group>"; };
		621BC7921EFECFFE00009730 /* Base */ = {isa = PBXFileReference; lastKnownFileType = file.storyboard; name = Base; path = Base.lproj/LaunchScreen.storyboard; sourceTree = "<group>"; };
		621BC7941EFECFFE00009730 /* Info.plist */ = {isa = PBXFileReference; lastKnownFileType = text.plist.xml; path = Info.plist; sourceTree = "<group>"; };
		621BC79A1EFED20500009730 /* DataHolder.h */ = {isa = PBXFileReference; fileEncoding = 4; lastKnownFileType = sourcecode.c.h; path = DataHolder.h; sourceTree = "<group>"; };
		621BC79B1EFED21200009730 /* DataHolder.m */ = {isa = PBXFileReference; fileEncoding = 4; lastKnownFileType = sourcecode.c.objc; path = DataHolder.m; sourceTree = "<group>"; };
/* End PBXFileReference section */

/* Begin PBXFrameworksBuildPhase section */
		621BC77D1EFECFFE00009730 /* Frameworks */ = {
			isa = PBXFrameworksBuildPhase;
			buildActionMask = 2147483647;
			files = (
			);
			runOnlyForDeploymentPostprocessing = 0;
		};
/* End PBXFrameworksBuildPhase section */

/* Begin PBXGroup section */
		621BC7771EFECFFE00009730 = {
			isa = PBXGroup;
			children = (
				621BC7821EFECFFE00009730 /* DataHolder */,
				621BC7811EFECFFE00009730 /* Products */,
			);
			sourceTree = "<group>";
		};
		621BC7811EFECFFE00009730 /* Products */ = {
			isa = PBXGroup;
			children = (
				621BC7801EFECFFE00009730 /* DataHolder.app */,
			);
			name = Products;
			sourceTree = "<group>";
		};
		621BC7821EFECFFE00009730 /* DataHolder */ = {
			isa = PBXGroup;
			children = (
				621BC7861EFECFFE00009730 /* AppDelegate.h */,
				621BC7871EFECFFE00009730 /* AppDelegate.m */,
				621BC7891EFECFFE00009730 /* ViewController.h */,
				621BC78A1EFECFFE00009730 /* ViewController.m */,
				621BC79A1EFED20500009730 /* DataHolder.h */,
				621BC79B1EFED21200009730 /* DataHolder.m */,
				621BC78C1EFECFFE00009730 /* Main.storyboard */,
				621BC78F1EFECFFE00009730 /* Assets.xcassets */,
				621BC7911EFECFFE00009730 /* LaunchScreen.storyboard */,
				621BC7941EFECFFE00009730 /* Info.plist */,
				621BC7831EFECFFE00009730 /* Supporting Files */,
			);
			path = DataHolder;
			sourceTree = "<group>";
		};
		621BC7831EFECFFE00009730 /* Supporting Files */ = {
			isa = PBXGroup;
			children = (
				621BC7841EFECFFE00009730 /* main.m */,
			);
			name = "Supporting Files";
			sourceTree = "<group>";
		};
/* End PBXGroup section */

/* Begin PBXNativeTarget section */
		621BC77F1EFECFFE00009730 /* DataHolder */ = {
			isa = PBXNativeTarget;
			buildConfigurationList = 621BC7971EFECFFE00009730 /* Build configuration list for PBXNativeTarget "DataHolder" */;
			buildPhases = (
				621BC77C1EFECFFE00009730 /* Sources */,
				621BC77D1EFECFFE00009730 /* Frameworks */,
				621BC77E1EFECFFE00009730 /* Resources */,
			);
			buildRules = (
			);
			dependencies = (
			);
			name = DataHolder;
			productName = DataHolder;
			productReference = 621BC7801EFECFFE00009730 /* DataHolder.app */;
			productType = "com.apple.product-type.application";
		};
/* End PBXNativeTarget section */

/* Begin PBXProject section */
		621BC7781EFECFFE00009730 /* Project object */ = {
			isa = PBXProject;
			attributes = {
				LastUpgradeCheck = 0800;
				ORGANIZATIONNAME = "YOUNGSIC KIM";
				TargetAttributes = {
					621BC77F1EFECFFE00009730 = {
						CreatedOnToolsVersion = 8.0;
						DevelopmentTeam = 33BKRBW8SH;
						ProvisioningStyle = Automatic;
					};
				};
			};
			buildConfigurationList = 621BC77B1EFECFFE00009730 /* Build configuration list for PBXProject "DataHolder" */;
			compatibilityVersion = "Xcode 3.2";
			developmentRegion = English;
			hasScannedForEncodings = 0;
			knownRegions = (
				en,
				Base,
			);
			mainGroup = 621BC7771EFECFFE00009730;
			productRefGroup = 621BC7811EFECFFE00009730 /* Products */;
			projectDirPath = "";
			projectRoot = "";
			targets = (
				621BC77F1EFECFFE00009730 /* DataHolder */,
			);
		};
/* End PBXProject section */

/* Begin PBXResourcesBuildPhase section */
		621BC77E1EFECFFE00009730 /* Resources */ = {
			isa = PBXResourcesBuildPhase;
			buildActionMask = 2147483647;
			files = (
				621BC7931EFECFFE00009730 /* LaunchScreen.storyboard in Resources */,
				621BC7901EFECFFE00009730 /* Assets.xcassets in Resources */,
				621BC78E1EFECFFE00009730 /* Main.storyboard in Resources */,
			);
			runOnlyForDeploymentPostprocessing = 0;
		};
/* End PBXResourcesBuildPhase section */

/* Begin PBXSourcesBuildPhase section */
		621BC77C1EFECFFE00009730 /* Sources */ = {
			isa = PBXSourcesBuildPhase;
			buildActionMask = 2147483647;
			files = (
				621BC78B1EFECFFE00009730 /* ViewController.m in Sources */,
				621BC7881EFECFFE00009730 /* AppDelegate.m in Sources */,
				621BC7851EFECFFE00009730 /* main.m in Sources */,
				621BC79C1EFED21200009730 /* DataHolder.m in Sources */,
			);
			runOnlyForDeploymentPostprocessing = 0;
		};
/* End PBXSourcesBuildPhase section */

/* Begin PBXVariantGroup section */
		621BC78C1EFECFFE00009730 /* Main.storyboard */ = {
			isa = PBXVariantGroup;
			children = (
				621BC78D1EFECFFE00009730 /* Base */,
			);
			name = Main.storyboard;
			sourceTree = "<group>";
		};
		621BC7911EFECFFE00009730 /* LaunchScreen.storyboard */ = {
			isa = PBXVariantGroup;
			children = (
				621BC7921EFECFFE00009730 /* Base */,
			);
			name = LaunchScreen.storyboard;
			sourceTree = "<group>";
		};
/* End PBXVariantGroup section */

/* Begin XCBuildConfiguration section */
		621BC7951EFECFFE00009730 /* Debug */ = {
			isa = XCBuildConfiguration;
			buildSettings = {
				ALWAYS_SEARCH_USER_PATHS = NO;
				CLANG_ANALYZER_NONNULL = YES;
				CLANG_CXX_LANGUAGE_STANDARD = "gnu++0x";
				CLANG_CXX_LIBRARY = "libc++";
				CLANG_ENABLE_MODULES = YES;
				CLANG_ENABLE_OBJC_ARC = YES;
				CLANG_WARN_BOOL_CONVERSION = YES;
				CLANG_WARN_CONSTANT_CONVERSION = YES;
				CLANG_WARN_DIRECT_OBJC_ISA_USAGE = YES_ERROR;
				CLANG_WARN_DOCUMENTATION_COMMENTS = YES;
				CLANG_WARN_EMPTY_BODY = YES;
				CLANG_WARN_ENUM_CONVERSION = YES;
				CLANG_WARN_INFINITE_RECURSION = YES;
				CLANG_WARN_INT_CONVERSION = YES;
				CLANG_WARN_OBJC_ROOT_CLASS = YES_ERROR;
				CLANG_WARN_SUSPICIOUS_MOVES = YES;
				CLANG_WARN_UNREACHABLE_CODE = YES;
				CLANG_WARN__DUPLICATE_METHOD_MATCH = YES;
				"CODE_SIGN_IDENTITY[sdk=iphoneos*]" = "iPhone Developer";
				COPY_PHASE_STRIP = NO;
				DEBUG_INFORMATION_FORMAT = dwarf;
				ENABLE_STRICT_OBJC_MSGSEND = YES;
				ENABLE_TESTABILITY = YES;
				GCC_C_LANGUAGE_STANDARD = gnu99;
				GCC_DYNAMIC_NO_PIC = NO;
				GCC_NO_COMMON_BLOCKS = YES;
				GCC_OPTIMIZATION_LEVEL = 0;
				GCC_PREPROCESSOR_DEFINITIONS = (
					"DEBUG=1",
					"$(inherited)",
				);
				GCC_WARN_64_TO_32_BIT_CONVERSION = YES;
				GCC_WARN_ABOUT_RETURN_TYPE = YES_ERROR;
				GCC_WARN_UNDECLARED_SELECTOR = YES;
				GCC_WARN_UNINITIALIZED_AUTOS = YES_AGGRESSIVE;
				GCC_WARN_UNUSED_FUNCTION = YES;
				GCC_WARN_UNUSED_VARIABLE = YES;
				IPHONEOS_DEPLOYMENT_TARGET = 10.0;
				MTL_ENABLE_DEBUG_INFO = YES;
				ONLY_ACTIVE_ARCH = YES;
				SDKROOT = iphoneos;
			};
			name = Debug;
		};
		621BC7961EFECFFE00009730 /* Release */ = {
			isa = XCBuildConfiguration;
			buildSettings = {
				ALWAYS_SEARCH_USER_PATHS = NO;
				CLANG_ANALYZER_NONNULL = YES;
				CLANG_CXX_LANGUAGE_STANDARD = "gnu++0x";
				CLANG_CXX_LIBRARY = "libc++";
				CLANG_ENABLE_MODULES = YES;
				CLANG_ENABLE_OBJC_ARC = YES;
				CLANG_WARN_BOOL_CONVERSION = YES;
				CLANG_WARN_CONSTANT_CONVERSION = YES;
				CLANG_WARN_DIRECT_OBJC_ISA_USAGE = YES_ERROR;
				CLANG_WARN_DOCUMENTATION_COMMENTS = YES;
				CLANG_WARN_EMPTY_BODY = YES;
				CLANG_WARN_ENUM_CONVERSION = YES;
				CLANG_WARN_INFINITE_RECURSION = YES;
				CLANG_WARN_INT_CONVERSION = YES;
				CLANG_WARN_OBJC_ROOT_CLASS = YES_ERROR;
				CLANG_WARN_SUSPICIOUS_MOVES = YES;
				CLANG_WARN_UNREACHABLE_CODE = YES;
				CLANG_WARN__DUPLICATE_METHOD_MATCH = YES;
				"CODE_SIGN_IDENTITY[sdk=iphoneos*]" = "iPhone Developer";
				COPY_PHASE_STRIP = NO;
				DEBUG_INFORMATION_FORMAT = "dwarf-with-dsym";
				ENABLE_NS_ASSERTIONS = NO;
				ENABLE_STRICT_OBJC_MSGSEND = YES;
				GCC_C_LANGUAGE_STANDARD = gnu99;
				GCC_NO_COMMON_BLOCKS = YES;
				GCC_WARN_64_TO_32_BIT_CONVERSION = YES;
				GCC_WARN_ABOUT_RETURN_TYPE = YES_ERROR;
				GCC_WARN_UNDECLARED_SELECTOR = YES;
				GCC_WARN_UNINITIALIZED_AUTOS = YES_AGGRESSIVE;
				GCC_WARN_UNUSED_FUNCTION = YES;
				GCC_WARN_UNUSED_VARIABLE = YES;
				IPHONEOS_DEPLOYMENT_TARGET = 10.0;
				MTL_ENABLE_DEBUG_INFO = NO;
				SDKROOT = iphoneos;
				VALIDATE_PRODUCT = YES;
			};
			name = Release;
		};
		621BC7981EFECFFE00009730 /* Debug */ = {
			isa = XCBuildConfiguration;
			buildSettings = {
				ASSETCATALOG_COMPILER_APPICON_NAME = AppIcon;
				DEVELOPMENT_TEAM = 33BKRBW8SH;
				INFOPLIST_FILE = DataHolder/Info.plist;
				LD_RUNPATH_SEARCH_PATHS = "$(inherited) @executable_path/Frameworks";
				PRODUCT_BUNDLE_IDENTIFIER = LOYD.DataHolder;
				PRODUCT_NAME = "$(TARGET_NAME)";
			};
			name = Debug;
		};
		621BC7991EFECFFE00009730 /* Release */ = {
			isa = XCBuildConfiguration;
			buildSettings = {
				ASSETCATALOG_COMPILER_APPICON_NAME = AppIcon;
				DEVELOPMENT_TEAM = 33BKRBW8SH;
				INFOPLIST_FILE = DataHolder/Info.plist;
				LD_RUNPATH_SEARCH_PATHS = "$(inherited) @executable_path/Frameworks";
				PRODUCT_BUNDLE_IDENTIFIER = LOYD.DataHolder;
				PRODUCT_NAME = "$(TARGET_NAME)";
			};
			name = Release;
		};
/* End XCBuildConfiguration section */

/* Begin XCConfigurationList section */
		621BC77B1EFECFFE00009730 /* Build configuration list for PBXProject "DataHolder" */ = {
			isa = XCConfigurationList;
			buildConfigurations = (
				621BC7951EFECFFE00009730 /* Debug */,
				621BC7961EFECFFE00009730 /* Release */,
			);
			defaultConfigurationIsVisible = 0;
			defaultConfigurationName = Release;
		};
		621BC7971EFECFFE00009730 /* Build configuration list for PBXNativeTarget "DataHolder" */ = {
			isa = XCConfigurationList;
			buildConfigurations = (
				621BC7981EFECFFE00009730 /* Debug */,
				621BC7991EFECFFE00009730 /* Release */,
			);
			defaultConfigurationIsVisible = 0;
		};
/* End XCConfigurationList section */
	};
	rootObject = 621BC7781EFECFFE00009730 /* Project object */;
}
